lockfileVersion: '9.0'

settings:
  autoInstallPeers: true
  excludeLinksFromLockfile: false

importers:

  .:
    dependencies:
      '@modelcontextprotocol/sdk':
        specifier: ^1.4.1
        version: 1.17.3
      body-parser:
        specifier: ^1.20.3
        version: 1.20.3
      cors:
        specifier: ^2.8.5
        version: 2.8.5
      express:
        specifier: ^4.21.2
        version: 4.21.2
      llm-cost:
        specifier: ^1.0.5
        version: 1.0.5
      node-fetch:
        specifier: ^2.7.0
        version: 2.7.0
      ws:
        specifier: ^8.18.0
        version: 8.18.3
    devDependencies:
      '@types/body-parser':
        specifier: ^1.19.5
        version: 1.19.6
      '@types/cors':
        specifier: ^2.8.17
        version: 2.8.19
      '@types/express':
        specifier: ^5.0.0
        version: 5.0.3
      '@types/node':
        specifier: ^22.13.1
        version: 22.17.2
      '@types/node-fetch':
        specifier: ^2.6.11
        version: 2.6.13
      '@types/ws':
        specifier: ^8.5.14
        version: 8.18.1
      typescript:
        specifier: ^5.7.3
        version: 5.9.2

packages:

  '@modelcontextprotocol/sdk@1.17.3':
    resolution: {integrity: sha1-z5I1QiDwGD0oF56Wqb86j20yEa4=, tarball: http://r.npm.sankuai.com/@modelcontextprotocol/sdk/download/@modelcontextprotocol/sdk-1.17.3.tgz}
    engines: {node: '>=18'}

  '@types/body-parser@1.19.6':
    resolution: {integrity: sha1-GFm+u4/X2smRikXVTBlxq4ta9HQ=, tarball: http://r.npm.sankuai.com/@types/body-parser/download/@types/body-parser-1.19.6.tgz}

  '@types/connect@3.4.38':
    resolution: {integrity: sha1-W6fzvE+73q/43e2VLl/yzFP42Fg=, tarball: http://r.npm.sankuai.com/@types/connect/download/@types/connect-3.4.38.tgz}

  '@types/cors@2.8.19':
    resolution: {integrity: sha1-2T6iZz/YyfaXNn9e7vwrv6lPA0I=, tarball: http://r.npm.sankuai.com/@types/cors/download/@types/cors-2.8.19.tgz}

  '@types/express-serve-static-core@5.0.7':
    resolution: {integrity: sha1-L6lIecnUaxGl30x0rHW+/WsoPeY=, tarball: http://r.npm.sankuai.com/@types/express-serve-static-core/download/@types/express-serve-static-core-5.0.7.tgz}

  '@types/express@5.0.3':
    resolution: {integrity: sha1-bEvGrN3C4qWHFC4di+C84gdX6VY=, tarball: http://r.npm.sankuai.com/@types/express/download/@types/express-5.0.3.tgz}

  '@types/http-errors@2.0.5':
    resolution: {integrity: sha1-W3SasrFroRNCP+saZKldzTA5hHI=, tarball: http://r.npm.sankuai.com/@types/http-errors/download/@types/http-errors-2.0.5.tgz}

  '@types/mime@1.3.5':
    resolution: {integrity: sha1-HvMC4Bz30rWg+lJnkMkSO/HQZpA=, tarball: http://r.npm.sankuai.com/@types/mime/download/@types/mime-1.3.5.tgz}

  '@types/node-fetch@2.6.13':
    resolution: {integrity: sha1-4Mm3te29sbUM4ywSfoXogIctVu4=, tarball: http://r.npm.sankuai.com/@types/node-fetch/download/@types/node-fetch-2.6.13.tgz}

  '@types/node@22.17.2':
    resolution: {integrity: sha1-R6k9b0t5Mn2mOvcn58VOjKuMTTM=, tarball: http://r.npm.sankuai.com/@types/node/download/@types/node-22.17.2.tgz}

  '@types/qs@6.14.0':
    resolution: {integrity: sha1-2LYM7PYvLbD7aOXgBgd7kXi4XeU=, tarball: http://r.npm.sankuai.com/@types/qs/download/@types/qs-6.14.0.tgz}

  '@types/range-parser@1.2.7':
    resolution: {integrity: sha1-UK5DU+qt3AQEQnmBL1LIxlhX28s=, tarball: http://r.npm.sankuai.com/@types/range-parser/download/@types/range-parser-1.2.7.tgz}

  '@types/send@0.17.5':
    resolution: {integrity: sha1-2ZHU8rFvKx70lxMfAKkRQpB5HnQ=, tarball: http://r.npm.sankuai.com/@types/send/download/@types/send-0.17.5.tgz}

  '@types/serve-static@1.15.8':
    resolution: {integrity: sha1-gYDD++SnDo8AufcLm6fwjzWYeHc=, tarball: http://r.npm.sankuai.com/@types/serve-static/download/@types/serve-static-1.15.8.tgz}

  '@types/ws@8.18.1':
    resolution: {integrity: sha1-SEZOS/Ld/RfbE9hFRn9gcP/qSqk=, tarball: http://r.npm.sankuai.com/@types/ws/download/@types/ws-8.18.1.tgz}

  accepts@1.3.8:
    resolution: {integrity: sha1-C/C+EltnAUrcsLCSHmLbe//hay4=, tarball: http://r.npm.sankuai.com/accepts/download/accepts-1.3.8.tgz}
    engines: {node: '>= 0.6'}

  accepts@2.0.0:
    resolution: {integrity: sha1-u89LpQdUZ/PyEx6rPP/HPC9deJU=, tarball: http://r.npm.sankuai.com/accepts/download/accepts-2.0.0.tgz}
    engines: {node: '>= 0.6'}

  ajv@6.12.6:
    resolution: {integrity: sha1-uvWmLoArB9l3A0WG+MO69a3ybfQ=, tarball: http://r.npm.sankuai.com/ajv/download/ajv-6.12.6.tgz}

  array-flatten@1.1.1:
    resolution: {integrity: sha1-ml9pkFGx5wczKPKgCJaLZOopVdI=, tarball: http://r.npm.sankuai.com/array-flatten/download/array-flatten-1.1.1.tgz}

  asynckit@0.4.0:
    resolution: {integrity: sha1-x57Zf380y48robyXkLzDZkdLS3k=, tarball: http://r.npm.sankuai.com/asynckit/download/asynckit-0.4.0.tgz}

  body-parser@1.20.3:
    resolution: {integrity: sha1-GVNDEiHG+1zWPEs21T+rCSjlSMY=, tarball: http://r.npm.sankuai.com/body-parser/download/body-parser-1.20.3.tgz}
    engines: {node: '>= 0.8', npm: 1.2.8000 || >= 1.4.16}

  body-parser@2.2.0:
    resolution: {integrity: sha1-96llbeMFJJpxW1Sbe4/Rq5393Po=, tarball: http://r.npm.sankuai.com/body-parser/download/body-parser-2.2.0.tgz}
    engines: {node: '>=18'}

  bytes@3.1.2:
    resolution: {integrity: sha1-iwvuuYYFrfGxKPpDhkA8AJ4CIaU=, tarball: http://r.npm.sankuai.com/bytes/download/bytes-3.1.2.tgz}
    engines: {node: '>= 0.8'}

  call-bind-apply-helpers@1.0.2:
    resolution: {integrity: sha1-S1QowiK+mF15w9gmV0edvgtZstY=, tarball: http://r.npm.sankuai.com/call-bind-apply-helpers/download/call-bind-apply-helpers-1.0.2.tgz}
    engines: {node: '>= 0.4'}

  call-bound@1.0.4:
    resolution: {integrity: sha1-I43pNdKippKSjFOMfM+pEGf9Bio=, tarball: http://r.npm.sankuai.com/call-bound/download/call-bound-1.0.4.tgz}
    engines: {node: '>= 0.4'}

  combined-stream@1.0.8:
    resolution: {integrity: sha1-w9RaizT9cwYxoRCoolIGgrMdWn8=, tarball: http://r.npm.sankuai.com/combined-stream/download/combined-stream-1.0.8.tgz}
    engines: {node: '>= 0.8'}

  content-disposition@0.5.4:
    resolution: {integrity: sha1-i4K076yCUSoCuwsdzsnSxejrW/4=, tarball: http://r.npm.sankuai.com/content-disposition/download/content-disposition-0.5.4.tgz}
    engines: {node: '>= 0.6'}

  content-disposition@1.0.0:
    resolution: {integrity: sha1-hEQmyzmPk0yu/LsXIgASa8fOrOI=, tarball: http://r.npm.sankuai.com/content-disposition/download/content-disposition-1.0.0.tgz}
    engines: {node: '>= 0.6'}

  content-type@1.0.5:
    resolution: {integrity: sha1-i3cxYmVtHRCGeEyPI6VM5tc9eRg=, tarball: http://r.npm.sankuai.com/content-type/download/content-type-1.0.5.tgz}
    engines: {node: '>= 0.6'}

  cookie-signature@1.0.6:
    resolution: {integrity: sha1-4wOogrNCzD7oylE6eZmXNNqzriw=, tarball: http://r.npm.sankuai.com/cookie-signature/download/cookie-signature-1.0.6.tgz}

  cookie-signature@1.2.2:
    resolution: {integrity: sha1-V8f8PMKTrKuf7FTXPhVpDr5KF5M=, tarball: http://r.npm.sankuai.com/cookie-signature/download/cookie-signature-1.2.2.tgz}
    engines: {node: '>=6.6.0'}

  cookie@0.7.1:
    resolution: {integrity: sha1-L3PEIULV1c9xMQp0/ErmFnDl28k=, tarball: http://r.npm.sankuai.com/cookie/download/cookie-0.7.1.tgz}
    engines: {node: '>= 0.6'}

  cookie@0.7.2:
    resolution: {integrity: sha1-VWNpxHKiupEPKXmJG1JrNDYjftc=, tarball: http://r.npm.sankuai.com/cookie/download/cookie-0.7.2.tgz}
    engines: {node: '>= 0.6'}

  cors@2.8.5:
    resolution: {integrity: sha1-6sEdpRWS3Ya58G9uesKTs9+HXSk=, tarball: http://r.npm.sankuai.com/cors/download/cors-2.8.5.tgz}
    engines: {node: '>= 0.10'}

  cross-spawn@7.0.6:
    resolution: {integrity: sha1-ilj+ePANzXDDcEUXWd+/rwPo7p8=, tarball: http://r.npm.sankuai.com/cross-spawn/download/cross-spawn-7.0.6.tgz}
    engines: {node: '>= 8'}

  debug@2.6.9:
    resolution: {integrity: sha1-XRKFFd8TT/Mn6QpMk/Tgd6U2NB8=, tarball: http://r.npm.sankuai.com/debug/download/debug-2.6.9.tgz}
    peerDependencies:
      supports-color: '*'
    peerDependenciesMeta:
      supports-color:
        optional: true

  debug@4.4.1:
    resolution: {integrity: sha1-5ai8bLxMbNPmQwiwaTo9T6VQGJs=, tarball: http://r.npm.sankuai.com/debug/download/debug-4.4.1.tgz}
    engines: {node: '>=6.0'}
    peerDependencies:
      supports-color: '*'
    peerDependenciesMeta:
      supports-color:
        optional: true

  delayed-stream@1.0.0:
    resolution: {integrity: sha1-3zrhmayt+31ECqrgsp4icrJOxhk=, tarball: http://r.npm.sankuai.com/delayed-stream/download/delayed-stream-1.0.0.tgz}
    engines: {node: '>=0.4.0'}

  depd@2.0.0:
    resolution: {integrity: sha1-tpYWPMdXVg0JzyLMj60Vcbeedt8=, tarball: http://r.npm.sankuai.com/depd/download/depd-2.0.0.tgz}
    engines: {node: '>= 0.8'}

  destroy@1.2.0:
    resolution: {integrity: sha1-SANzVQmti+VSk0xn32FPlOZvoBU=, tarball: http://r.npm.sankuai.com/destroy/download/destroy-1.2.0.tgz}
    engines: {node: '>= 0.8', npm: 1.2.8000 || >= 1.4.16}

  dunder-proto@1.0.1:
    resolution: {integrity: sha1-165mfh3INIL4tw/Q9u78UNow9Yo=, tarball: http://r.npm.sankuai.com/dunder-proto/download/dunder-proto-1.0.1.tgz}
    engines: {node: '>= 0.4'}

  ee-first@1.1.1:
    resolution: {integrity: sha1-WQxhFWsK4vTwJVcyoViyZrxWsh0=, tarball: http://r.npm.sankuai.com/ee-first/download/ee-first-1.1.1.tgz}

  encodeurl@1.0.2:
    resolution: {integrity: sha1-rT/0yG7C0CkyL1oCw6mmBslbP1k=, tarball: http://r.npm.sankuai.com/encodeurl/download/encodeurl-1.0.2.tgz}
    engines: {node: '>= 0.8'}

  encodeurl@2.0.0:
    resolution: {integrity: sha1-e46omAd9fkCdOsRUdOo46vCFelg=, tarball: http://r.npm.sankuai.com/encodeurl/download/encodeurl-2.0.0.tgz}
    engines: {node: '>= 0.8'}

  es-define-property@1.0.1:
    resolution: {integrity: sha1-mD6y+aZyTpMD9hrd8BHHLgngsPo=, tarball: http://r.npm.sankuai.com/es-define-property/download/es-define-property-1.0.1.tgz}
    engines: {node: '>= 0.4'}

  es-errors@1.3.0:
    resolution: {integrity: sha1-BfdaJdq5jk+x3NXhRywFRtUFfI8=, tarball: http://r.npm.sankuai.com/es-errors/download/es-errors-1.3.0.tgz}
    engines: {node: '>= 0.4'}

  es-object-atoms@1.1.1:
    resolution: {integrity: sha1-HE8sSDcydZfOadLKGQp/3RcjOME=, tarball: http://r.npm.sankuai.com/es-object-atoms/download/es-object-atoms-1.1.1.tgz}
    engines: {node: '>= 0.4'}

  es-set-tostringtag@2.1.0:
    resolution: {integrity: sha1-8x274MGDsAptJutjJcgQwP0YvU0=, tarball: http://r.npm.sankuai.com/es-set-tostringtag/download/es-set-tostringtag-2.1.0.tgz}
    engines: {node: '>= 0.4'}

  escape-html@1.0.3:
    resolution: {integrity: sha1-Aljq5NPQwJdN4cFpGI7wBR0dGYg=, tarball: http://r.npm.sankuai.com/escape-html/download/escape-html-1.0.3.tgz}

  etag@1.8.1:
    resolution: {integrity: sha1-Qa4u62XvpiJorr/qg6x9eSmbCIc=, tarball: http://r.npm.sankuai.com/etag/download/etag-1.8.1.tgz}
    engines: {node: '>= 0.6'}

  eventsource-parser@3.0.3:
    resolution: {integrity: sha1-6a8dQLd+YmjNy8dnMh6LnwZq3qg=, tarball: http://r.npm.sankuai.com/eventsource-parser/download/eventsource-parser-3.0.3.tgz}
    engines: {node: '>=20.0.0'}

  eventsource@3.0.7:
    resolution: {integrity: sha1-EVdiLi9Td7tq7yEUNycougwVaYk=, tarball: http://r.npm.sankuai.com/eventsource/download/eventsource-3.0.7.tgz}
    engines: {node: '>=18.0.0'}

  express-rate-limit@7.5.1:
    resolution: {integrity: sha1-jDpC9pIJo6HJaYkAcOzp4gqHnew=, tarball: http://r.npm.sankuai.com/express-rate-limit/download/express-rate-limit-7.5.1.tgz}
    engines: {node: '>= 16'}
    peerDependencies:
      express: '>= 4.11'

  express@4.21.2:
    resolution: {integrity: sha1-zyUOSDYhdOrWzqSlZqvvAWLB7DI=, tarball: http://r.npm.sankuai.com/express/download/express-4.21.2.tgz}
    engines: {node: '>= 0.10.0'}

  express@5.1.0:
    resolution: {integrity: sha1-0xvq9xWgAW8NU/R9O016zyjHXMk=, tarball: http://r.npm.sankuai.com/express/download/express-5.1.0.tgz}
    engines: {node: '>= 18'}

  fast-deep-equal@3.1.3:
    resolution: {integrity: sha1-On1WtVnWy8PrUSMlJE5hmmXGxSU=, tarball: http://r.npm.sankuai.com/fast-deep-equal/download/fast-deep-equal-3.1.3.tgz}

  fast-json-stable-stringify@2.1.0:
    resolution: {integrity: sha1-h0v2nG9ATCtdmcSBNBOZ/VWJJjM=, tarball: http://r.npm.sankuai.com/fast-json-stable-stringify/download/fast-json-stable-stringify-2.1.0.tgz}

  finalhandler@1.3.1:
    resolution: {integrity: sha1-DFdfHR0yTd0do1rX7OPffRkIgBk=, tarball: http://r.npm.sankuai.com/finalhandler/download/finalhandler-1.3.1.tgz}
    engines: {node: '>= 0.8'}

  finalhandler@2.1.0:
    resolution: {integrity: sha1-cjBjc6qJ0FqCQu1WnthqG/98Vh8=, tarball: http://r.npm.sankuai.com/finalhandler/download/finalhandler-2.1.0.tgz}
    engines: {node: '>= 0.8'}

  form-data@4.0.4:
    resolution: {integrity: sha1-eEzczgZpqdaOlNEaxO6pgIjt0sQ=, tarball: http://r.npm.sankuai.com/form-data/download/form-data-4.0.4.tgz}
    engines: {node: '>= 6'}

  forwarded@0.2.0:
    resolution: {integrity: sha1-ImmTZCiq1MFcfr6XeahL8LKoGBE=, tarball: http://r.npm.sankuai.com/forwarded/download/forwarded-0.2.0.tgz}
    engines: {node: '>= 0.6'}

  fresh@0.5.2:
    resolution: {integrity: sha1-PYyt2Q2XZWn6g1qx+OSyOhBWBac=, tarball: http://r.npm.sankuai.com/fresh/download/fresh-0.5.2.tgz}
    engines: {node: '>= 0.6'}

  fresh@2.0.0:
    resolution: {integrity: sha1-jdffahs6Gzpc8YbAWl3SZ2ImNaQ=, tarball: http://r.npm.sankuai.com/fresh/download/fresh-2.0.0.tgz}
    engines: {node: '>= 0.8'}

  function-bind@1.1.2:
    resolution: {integrity: sha1-LALYZNl/PqbIgwxGTL0Rq26rehw=, tarball: http://r.npm.sankuai.com/function-bind/download/function-bind-1.1.2.tgz}

  get-intrinsic@1.3.0:
    resolution: {integrity: sha1-dD8OO2lkqTpUke0b/6rgVNf5jQE=, tarball: http://r.npm.sankuai.com/get-intrinsic/download/get-intrinsic-1.3.0.tgz}
    engines: {node: '>= 0.4'}

  get-proto@1.0.1:
    resolution: {integrity: sha1-FQs/J0OGnvPoUewMSdFbHRTQDuE=, tarball: http://r.npm.sankuai.com/get-proto/download/get-proto-1.0.1.tgz}
    engines: {node: '>= 0.4'}

  gopd@1.2.0:
    resolution: {integrity: sha1-ifVrghe9vIgCvSmd9tfxCB1+UaE=, tarball: http://r.npm.sankuai.com/gopd/download/gopd-1.2.0.tgz}
    engines: {node: '>= 0.4'}

  has-symbols@1.1.0:
    resolution: {integrity: sha1-/JxqeDoISVHQuXH+EBjegTcHozg=, tarball: http://r.npm.sankuai.com/has-symbols/download/has-symbols-1.1.0.tgz}
    engines: {node: '>= 0.4'}

  has-tostringtag@1.0.2:
    resolution: {integrity: sha1-LNxC1AvvLltO6rfAGnPFTOerWrw=, tarball: http://r.npm.sankuai.com/has-tostringtag/download/has-tostringtag-1.0.2.tgz}
    engines: {node: '>= 0.4'}

  hasown@2.0.2:
    resolution: {integrity: sha1-AD6vkb563DcuhOxZ3DclLO24AAM=, tarball: http://r.npm.sankuai.com/hasown/download/hasown-2.0.2.tgz}
    engines: {node: '>= 0.4'}

  http-errors@2.0.0:
    resolution: {integrity: sha1-t3dKFIbvc892Z6ya4IWMASxXudM=, tarball: http://r.npm.sankuai.com/http-errors/download/http-errors-2.0.0.tgz}
    engines: {node: '>= 0.8'}

  iconv-lite@0.4.24:
    resolution: {integrity: sha1-ICK0sl+93CHS9SSXSkdKr+czkIs=, tarball: http://r.npm.sankuai.com/iconv-lite/download/iconv-lite-0.4.24.tgz}
    engines: {node: '>=0.10.0'}

  iconv-lite@0.6.3:
    resolution: {integrity: sha1-pS+AvzjaGVLrXGgXkHGYcaGnJQE=, tarball: http://r.npm.sankuai.com/iconv-lite/download/iconv-lite-0.6.3.tgz}
    engines: {node: '>=0.10.0'}

  inherits@2.0.4:
    resolution: {integrity: sha1-D6LGT5MpF8NDOg3tVTY6rjdBa3w=, tarball: http://r.npm.sankuai.com/inherits/download/inherits-2.0.4.tgz}

  ipaddr.js@1.9.1:
    resolution: {integrity: sha1-v/OFQ+64mEglB5/zoqjmy9RngbM=, tarball: http://r.npm.sankuai.com/ipaddr.js/download/ipaddr.js-1.9.1.tgz}
    engines: {node: '>= 0.10'}

  is-promise@4.0.0:
    resolution: {integrity: sha1-Qv+fhCBsGZHSbev1IN1cAQQt0vM=, tarball: http://r.npm.sankuai.com/is-promise/download/is-promise-4.0.0.tgz}

  isexe@2.0.0:
    resolution: {integrity: sha1-6PvzdNxVb/iUehDcsFctYz8s+hA=, tarball: http://r.npm.sankuai.com/isexe/download/isexe-2.0.0.tgz}

  json-schema-traverse@0.4.1:
    resolution: {integrity: sha1-afaofZUTq4u4/mO9sJecRI5oRmA=, tarball: http://r.npm.sankuai.com/json-schema-traverse/download/json-schema-traverse-0.4.1.tgz}

  llm-cost@1.0.5:
    resolution: {integrity: sha1-ThfFSu3eIjlZFpOIIQb+mfsNpY8=, tarball: http://r.npm.sankuai.com/llm-cost/download/llm-cost-1.0.5.tgz}

  math-intrinsics@1.1.0:
    resolution: {integrity: sha1-oN10voHiqlwvJ+Zc4oNgXuTit/k=, tarball: http://r.npm.sankuai.com/math-intrinsics/download/math-intrinsics-1.1.0.tgz}
    engines: {node: '>= 0.4'}

  media-typer@0.3.0:
    resolution: {integrity: sha1-hxDXrwqmJvj/+hzgAWhUUmMlV0g=, tarball: http://r.npm.sankuai.com/media-typer/download/media-typer-0.3.0.tgz}
    engines: {node: '>= 0.6'}

  media-typer@1.1.0:
    resolution: {integrity: sha1-ardLjy0zIPIGSyqHo455Mf86VWE=, tarball: http://r.npm.sankuai.com/media-typer/download/media-typer-1.1.0.tgz}
    engines: {node: '>= 0.8'}

  merge-descriptors@1.0.3:
    resolution: {integrity: sha1-2AMZpl88eTU1Hlz9rI+TGFBNvtU=, tarball: http://r.npm.sankuai.com/merge-descriptors/download/merge-descriptors-1.0.3.tgz}

  merge-descriptors@2.0.0:
    resolution: {integrity: sha1-6pIvZgY1oiSe5WXgRJ+VHmtgOAg=, tarball: http://r.npm.sankuai.com/merge-descriptors/download/merge-descriptors-2.0.0.tgz}
    engines: {node: '>=18'}

  methods@1.1.2:
    resolution: {integrity: sha1-VSmk1nZUE07cxSZmVoNbD4Ua/O4=, tarball: http://r.npm.sankuai.com/methods/download/methods-1.1.2.tgz}
    engines: {node: '>= 0.6'}

  mime-db@1.52.0:
    resolution: {integrity: sha1-u6vNwChZ9JhzAchW4zh85exDv3A=, tarball: http://r.npm.sankuai.com/mime-db/download/mime-db-1.52.0.tgz}
    engines: {node: '>= 0.6'}

  mime-db@1.54.0:
    resolution: {integrity: sha1-zds+5PnGRTDf9kAjZmHULLajFPU=, tarball: http://r.npm.sankuai.com/mime-db/download/mime-db-1.54.0.tgz}
    engines: {node: '>= 0.6'}

  mime-types@2.1.35:
    resolution: {integrity: sha1-OBqHG2KnNEUGYK497uRIE/cNlZo=, tarball: http://r.npm.sankuai.com/mime-types/download/mime-types-2.1.35.tgz}
    engines: {node: '>= 0.6'}

  mime-types@3.0.1:
    resolution: {integrity: sha1-sdlNaZepsy/WnrrtDbc96Ky1Gc4=, tarball: http://r.npm.sankuai.com/mime-types/download/mime-types-3.0.1.tgz}
    engines: {node: '>= 0.6'}

  mime@1.6.0:
    resolution: {integrity: sha1-Ms2eXGRVO9WNGaVor0Uqz/BJgbE=, tarball: http://r.npm.sankuai.com/mime/download/mime-1.6.0.tgz}
    engines: {node: '>=4'}
    hasBin: true

  ms@2.0.0:
    resolution: {integrity: sha1-VgiurfwAvmwpAd9fmGF4jeDVl8g=, tarball: http://r.npm.sankuai.com/ms/download/ms-2.0.0.tgz}

  ms@2.1.3:
    resolution: {integrity: sha1-V0yBOM4dK1hh8LRFedut1gxmFbI=, tarball: http://r.npm.sankuai.com/ms/download/ms-2.1.3.tgz}

  negotiator@0.6.3:
    resolution: {integrity: sha1-WOMjpy/twNb5zU0x/kn1FHlZDM0=, tarball: http://r.npm.sankuai.com/negotiator/download/negotiator-0.6.3.tgz}
    engines: {node: '>= 0.6'}

  negotiator@1.0.0:
    resolution: {integrity: sha1-tskbtHFy1p+Tz9fDV7u1KQGbX2o=, tarball: http://r.npm.sankuai.com/negotiator/download/negotiator-1.0.0.tgz}
    engines: {node: '>= 0.6'}

  node-fetch@2.7.0:
    resolution: {integrity: sha1-0PD6bj4twdJ+/NitmdVQvalNGH0=, tarball: http://r.npm.sankuai.com/node-fetch/download/node-fetch-2.7.0.tgz}
    engines: {node: 4.x || >=6.0.0}
    peerDependencies:
      encoding: ^0.1.0
    peerDependenciesMeta:
      encoding:
        optional: true

  object-assign@4.1.1:
    resolution: {integrity: sha1-IQmtx5ZYh8/AXLvUQsrIv7s2CGM=, tarball: http://r.npm.sankuai.com/object-assign/download/object-assign-4.1.1.tgz}
    engines: {node: '>=0.10.0'}

  object-inspect@1.13.4:
    resolution: {integrity: sha1-g3UmXiG8IND6WCwi4bE0hdbgAhM=, tarball: http://r.npm.sankuai.com/object-inspect/download/object-inspect-1.13.4.tgz}
    engines: {node: '>= 0.4'}

  on-finished@2.4.1:
    resolution: {integrity: sha1-WMjEQRblSEWtV/FKsQsDUzGErD8=, tarball: http://r.npm.sankuai.com/on-finished/download/on-finished-2.4.1.tgz}
    engines: {node: '>= 0.8'}

  once@1.4.0:
    resolution: {integrity: sha1-WDsap3WWHUsROsF9nFC6753Xa9E=, tarball: http://r.npm.sankuai.com/once/download/once-1.4.0.tgz}

  parseurl@1.3.3:
    resolution: {integrity: sha1-naGee+6NEt/wUT7Vt2lXeTvC6NQ=, tarball: http://r.npm.sankuai.com/parseurl/download/parseurl-1.3.3.tgz}
    engines: {node: '>= 0.8'}

  path-key@3.1.1:
    resolution: {integrity: sha1-WB9q3mWMu6ZaDTOA3ndTKVBU83U=, tarball: http://r.npm.sankuai.com/path-key/download/path-key-3.1.1.tgz}
    engines: {node: '>=8'}

  path-to-regexp@0.1.12:
    resolution: {integrity: sha1-1eGhLkeKl21DLvPFjVNLmSMWS7c=, tarball: http://r.npm.sankuai.com/path-to-regexp/download/path-to-regexp-0.1.12.tgz}

  path-to-regexp@8.2.0:
    resolution: {integrity: sha1-c5kMwp5Xo/8qDZFAlRVt9dt56LQ=, tarball: http://r.npm.sankuai.com/path-to-regexp/download/path-to-regexp-8.2.0.tgz}
    engines: {node: '>=16'}

  pkce-challenge@5.0.0:
    resolution: {integrity: sha1-w6QFy0nicglKOOiQorUdoCKMTZc=, tarball: http://r.npm.sankuai.com/pkce-challenge/download/pkce-challenge-5.0.0.tgz}
    engines: {node: '>=16.20.0'}

  proxy-addr@2.0.7:
    resolution: {integrity: sha1-8Z/mnOqzEe65S0LnDowgcPm6ECU=, tarball: http://r.npm.sankuai.com/proxy-addr/download/proxy-addr-2.0.7.tgz}
    engines: {node: '>= 0.10'}

  punycode@2.3.1:
    resolution: {integrity: sha1-AnQi4vrsCyXhVJw+G9gwm5EztuU=, tarball: http://r.npm.sankuai.com/punycode/download/punycode-2.3.1.tgz}
    engines: {node: '>=6'}

  qs@6.13.0:
    resolution: {integrity: sha1-bKO9WEOffiRWVXmJl3h7DYilGQY=, tarball: http://r.npm.sankuai.com/qs/download/qs-6.13.0.tgz}
    engines: {node: '>=0.6'}

  qs@6.14.0:
    resolution: {integrity: sha1-xj+kBoDSxclBQSoOiZyJr2DAqTA=, tarball: http://r.npm.sankuai.com/qs/download/qs-6.14.0.tgz}
    engines: {node: '>=0.6'}

  range-parser@1.2.1:
    resolution: {integrity: sha1-PPNwI9GZ4cJNGlW4SADC8+ZGgDE=, tarball: http://r.npm.sankuai.com/range-parser/download/range-parser-1.2.1.tgz}
    engines: {node: '>= 0.6'}

  raw-body@2.5.2:
    resolution: {integrity: sha1-mf69g7kOCJdQh+jx+UGaFJNmtoo=, tarball: http://r.npm.sankuai.com/raw-body/download/raw-body-2.5.2.tgz}
    engines: {node: '>= 0.8'}

  raw-body@3.0.0:
    resolution: {integrity: sha1-JbNHbwelFgBhna4/6C3cKKNuXg8=, tarball: http://r.npm.sankuai.com/raw-body/download/raw-body-3.0.0.tgz}
    engines: {node: '>= 0.8'}

  router@2.2.0:
    resolution: {integrity: sha1-AZvmILcRyHZBFnzHm5kJDwCxRu8=, tarball: http://r.npm.sankuai.com/router/download/router-2.2.0.tgz}
    engines: {node: '>= 18'}

  safe-buffer@5.2.1:
    resolution: {integrity: sha1-Hq+fqb2x/dTsdfWPnNtOa3gn7sY=, tarball: http://r.npm.sankuai.com/safe-buffer/download/safe-buffer-5.2.1.tgz}

  safer-buffer@2.1.2:
    resolution: {integrity: sha1-RPoWGwGHuVSd2Eu5GAL5vYOFzWo=, tarball: http://r.npm.sankuai.com/safer-buffer/download/safer-buffer-2.1.2.tgz}

  send@0.19.0:
    resolution: {integrity: sha1-u8WjiMjqbASJZwSdvqwOSj8J1/g=, tarball: http://r.npm.sankuai.com/send/download/send-0.19.0.tgz}
    engines: {node: '>= 0.8.0'}

  send@1.2.0:
    resolution: {integrity: sha1-MqdVT7d3uDHfqCg3D3c6OAjTchI=, tarball: http://r.npm.sankuai.com/send/download/send-1.2.0.tgz}
    engines: {node: '>= 18'}

  serve-static@1.16.2:
    resolution: {integrity: sha1-tqU0PaR/a90mc4SL9FdUlB6AMpY=, tarball: http://r.npm.sankuai.com/serve-static/download/serve-static-1.16.2.tgz}
    engines: {node: '>= 0.8.0'}

  serve-static@2.2.0:
    resolution: {integrity: sha1-nAJWTuJZvdIlG4LWWaLn4ZONZvk=, tarball: http://r.npm.sankuai.com/serve-static/download/serve-static-2.2.0.tgz}
    engines: {node: '>= 18'}

  setprototypeof@1.2.0:
    resolution: {integrity: sha1-ZsmiSnP5/CjL5msJ/tPTPcrxtCQ=, tarball: http://r.npm.sankuai.com/setprototypeof/download/setprototypeof-1.2.0.tgz}

  shebang-command@2.0.0:
    resolution: {integrity: sha1-zNCvT4g1+9wmW4JGGq8MNmY/NOo=, tarball: http://r.npm.sankuai.com/shebang-command/download/shebang-command-2.0.0.tgz}
    engines: {node: '>=8'}

  shebang-regex@3.0.0:
    resolution: {integrity: sha1-rhbxZE2HPsrYQ7AwexQzYtTEIXI=, tarball: http://r.npm.sankuai.com/shebang-regex/download/shebang-regex-3.0.0.tgz}
    engines: {node: '>=8'}

  side-channel-list@1.0.0:
    resolution: {integrity: sha1-EMtZhCYxFdO3oOM2WR4pCoMK+K0=, tarball: http://r.npm.sankuai.com/side-channel-list/download/side-channel-list-1.0.0.tgz}
    engines: {node: '>= 0.4'}

  side-channel-map@1.0.1:
    resolution: {integrity: sha1-1rtrN5Asb+9RdOX1M/q0xzKib0I=, tarball: http://r.npm.sankuai.com/side-channel-map/download/side-channel-map-1.0.1.tgz}
    engines: {node: '>= 0.4'}

  side-channel-weakmap@1.0.2:
    resolution: {integrity: sha1-Ed2hnVNo5Azp7CvcH7DsvAeQ7Oo=, tarball: http://r.npm.sankuai.com/side-channel-weakmap/download/side-channel-weakmap-1.0.2.tgz}
    engines: {node: '>= 0.4'}

  side-channel@1.1.0:
    resolution: {integrity: sha1-w/z/nE2pMnhIczNeyXZfqU/2a8k=, tarball: http://r.npm.sankuai.com/side-channel/download/side-channel-1.1.0.tgz}
    engines: {node: '>= 0.4'}

  statuses@2.0.1:
    resolution: {integrity: sha1-VcsADM8dSHKL0jxoWgY5mM8aG2M=, tarball: http://r.npm.sankuai.com/statuses/download/statuses-2.0.1.tgz}
    engines: {node: '>= 0.8'}

  statuses@2.0.2:
    resolution: {integrity: sha1-j3XuzvdlteHPzcCA2llAntQk44I=, tarball: http://r.npm.sankuai.com/statuses/download/statuses-2.0.2.tgz}
    engines: {node: '>= 0.8'}

  tiktoken@1.0.22:
    resolution: {integrity: sha1-psZ0g5Iou4jzLf5kbf9HGTdi99M=, tarball: http://r.npm.sankuai.com/tiktoken/download/tiktoken-1.0.22.tgz}

  toidentifier@1.0.1:
    resolution: {integrity: sha1-O+NDIaiKgg7RvYDfqjPkefu43TU=, tarball: http://r.npm.sankuai.com/toidentifier/download/toidentifier-1.0.1.tgz}
    engines: {node: '>=0.6'}

  tr46@0.0.3:
    resolution: {integrity: sha1-gYT9NH2snNwYWZLzpmIuFLnZq2o=, tarball: http://r.npm.sankuai.com/tr46/download/tr46-0.0.3.tgz}

  type-is@1.6.18:
    resolution: {integrity: sha1-TlUs0F3wlGfcvE73Od6J8s83wTE=, tarball: http://r.npm.sankuai.com/type-is/download/type-is-1.6.18.tgz}
    engines: {node: '>= 0.6'}

  type-is@2.0.1:
    resolution: {integrity: sha1-ZPbPA/kvzkAVwrIkeT9r3UsGjJc=, tarball: http://r.npm.sankuai.com/type-is/download/type-is-2.0.1.tgz}
    engines: {node: '>= 0.6'}

  typescript@5.9.2:
    resolution: {integrity: sha1-2TRQzd7FFUotXKvjuBArgzFvsqY=, tarball: http://r.npm.sankuai.com/typescript/download/typescript-5.9.2.tgz}
    engines: {node: '>=14.17'}
    hasBin: true

  undici-types@6.21.0:
    resolution: {integrity: sha1-aR0ArzkJvpOn+qE75hs6W1DvEss=, tarball: http://r.npm.sankuai.com/undici-types/download/undici-types-6.21.0.tgz}

  unpipe@1.0.0:
    resolution: {integrity: sha1-sr9O6FFKrmFltIF4KdIbLvSZBOw=, tarball: http://r.npm.sankuai.com/unpipe/download/unpipe-1.0.0.tgz}
    engines: {node: '>= 0.8'}

  uri-js@4.4.1:
    resolution: {integrity: sha1-mxpSWVIlhZ5V9mnZKPiMbFfyp34=, tarball: http://r.npm.sankuai.com/uri-js/download/uri-js-4.4.1.tgz}

  utils-merge@1.0.1:
    resolution: {integrity: sha1-n5VxD1CiZ5R7LMwSR0HBAoQn5xM=, tarball: http://r.npm.sankuai.com/utils-merge/download/utils-merge-1.0.1.tgz}
    engines: {node: '>= 0.4.0'}

  vary@1.1.2:
    resolution: {integrity: sha1-IpnwLG3tMNSllhsLn3RSShj2NPw=, tarball: http://r.npm.sankuai.com/vary/download/vary-1.1.2.tgz}
    engines: {node: '>= 0.8'}

  webidl-conversions@3.0.1:
    resolution: {integrity: sha1-JFNCdeKnvGvnvIZhHMFq4KVlSHE=, tarball: http://r.npm.sankuai.com/webidl-conversions/download/webidl-conversions-3.0.1.tgz}

  whatwg-url@5.0.0:
    resolution: {integrity: sha1-lmRU6HZUYuN2RNNib2dCzotwll0=, tarball: http://r.npm.sankuai.com/whatwg-url/download/whatwg-url-5.0.0.tgz}

  which@2.0.2:
    resolution: {integrity: sha1-fGqN0KY2oDJ+ELWckobu6T8/UbE=, tarball: http://r.npm.sankuai.com/which/download/which-2.0.2.tgz}
    engines: {node: '>= 8'}
    hasBin: true

  wrappy@1.0.2:
    resolution: {integrity: sha1-tSQ9jz7BqjXxNkYFvA0QNuMKtp8=, tarball: http://r.npm.sankuai.com/wrappy/download/wrappy-1.0.2.tgz}

  ws@8.18.3:
    resolution: {integrity: sha1-tWuIq//eYnkcY5FwQAyT3LDJVHI=, tarball: http://r.npm.sankuai.com/ws/download/ws-8.18.3.tgz}
    engines: {node: '>=10.0.0'}
    peerDependencies:
      bufferutil: ^4.0.1
      utf-8-validate: '>=5.0.2'
    peerDependenciesMeta:
      bufferutil:
        optional: true
      utf-8-validate:
        optional: true

  zod-to-json-schema@3.24.6:
    resolution: {integrity: sha1-WSDwIMTSZH7fu5VPoDYIK5LJ4S0=, tarball: http://r.npm.sankuai.com/zod-to-json-schema/download/zod-to-json-schema-3.24.6.tgz}
    peerDependencies:
      zod: ^3.24.1

  zod@3.25.76:
    resolution: {integrity: sha1-JoQcP2/SKmonYOfMtxkXl2hHHjQ=, tarball: http://r.npm.sankuai.com/zod/download/zod-3.25.76.tgz}

snapshots:

  '@modelcontextprotocol/sdk@1.17.3':
    dependencies:
      ajv: 6.12.6
      content-type: 1.0.5
      cors: 2.8.5
      cross-spawn: 7.0.6
      eventsource: 3.0.7
      eventsource-parser: 3.0.3
      express: 5.1.0
      express-rate-limit: 7.5.1(express@5.1.0)
      pkce-challenge: 5.0.0
      raw-body: 3.0.0
      zod: 3.25.76
      zod-to-json-schema: 3.24.6(zod@3.25.76)
    transitivePeerDependencies:
      - supports-color

  '@types/body-parser@1.19.6':
    dependencies:
      '@types/connect': 3.4.38
      '@types/node': 22.17.2

  '@types/connect@3.4.38':
    dependencies:
      '@types/node': 22.17.2

  '@types/cors@2.8.19':
    dependencies:
      '@types/node': 22.17.2

  '@types/express-serve-static-core@5.0.7':
    dependencies:
      '@types/node': 22.17.2
      '@types/qs': 6.14.0
      '@types/range-parser': 1.2.7
      '@types/send': 0.17.5

  '@types/express@5.0.3':
    dependencies:
      '@types/body-parser': 1.19.6
      '@types/express-serve-static-core': 5.0.7
      '@types/serve-static': 1.15.8

  '@types/http-errors@2.0.5': {}

  '@types/mime@1.3.5': {}

  '@types/node-fetch@2.6.13':
    dependencies:
      '@types/node': 22.17.2
      form-data: 4.0.4

  '@types/node@22.17.2':
    dependencies:
      undici-types: 6.21.0

  '@types/qs@6.14.0': {}

  '@types/range-parser@1.2.7': {}

  '@types/send@0.17.5':
    dependencies:
      '@types/mime': 1.3.5
      '@types/node': 22.17.2

  '@types/serve-static@1.15.8':
    dependencies:
      '@types/http-errors': 2.0.5
      '@types/node': 22.17.2
      '@types/send': 0.17.5

  '@types/ws@8.18.1':
    dependencies:
      '@types/node': 22.17.2

  accepts@1.3.8:
    dependencies:
      mime-types: 2.1.35
      negotiator: 0.6.3

  accepts@2.0.0:
    dependencies:
      mime-types: 3.0.1
      negotiator: 1.0.0

  ajv@6.12.6:
    dependencies:
      fast-deep-equal: 3.1.3
      fast-json-stable-stringify: 2.1.0
      json-schema-traverse: 0.4.1
      uri-js: 4.4.1

  array-flatten@1.1.1: {}

  asynckit@0.4.0: {}

  body-parser@1.20.3:
    dependencies:
      bytes: 3.1.2
      content-type: 1.0.5
      debug: 2.6.9
      depd: 2.0.0
      destroy: 1.2.0
      http-errors: 2.0.0
      iconv-lite: 0.4.24
      on-finished: 2.4.1
      qs: 6.13.0
      raw-body: 2.5.2
      type-is: 1.6.18
      unpipe: 1.0.0
    transitivePeerDependencies:
      - supports-color

  body-parser@2.2.0:
    dependencies:
      bytes: 3.1.2
      content-type: 1.0.5
      debug: 4.4.1
      http-errors: 2.0.0
      iconv-lite: 0.6.3
      on-finished: 2.4.1
      qs: 6.14.0
      raw-body: 3.0.0
      type-is: 2.0.1
    transitivePeerDependencies:
      - supports-color

  bytes@3.1.2: {}

  call-bind-apply-helpers@1.0.2:
    dependencies:
      es-errors: 1.3.0
      function-bind: 1.1.2

  call-bound@1.0.4:
    dependencies:
      call-bind-apply-helpers: 1.0.2
      get-intrinsic: 1.3.0

  combined-stream@1.0.8:
    dependencies:
      delayed-stream: 1.0.0

  content-disposition@0.5.4:
    dependencies:
      safe-buffer: 5.2.1

  content-disposition@1.0.0:
    dependencies:
      safe-buffer: 5.2.1

  content-type@1.0.5: {}

  cookie-signature@1.0.6: {}

  cookie-signature@1.2.2: {}

  cookie@0.7.1: {}

  cookie@0.7.2: {}

  cors@2.8.5:
    dependencies:
      object-assign: 4.1.1
      vary: 1.1.2

  cross-spawn@7.0.6:
    dependencies:
      path-key: 3.1.1
      shebang-command: 2.0.0
      which: 2.0.2

  debug@2.6.9:
    dependencies:
      ms: 2.0.0

  debug@4.4.1:
    dependencies:
      ms: 2.1.3

  delayed-stream@1.0.0: {}

  depd@2.0.0: {}

  destroy@1.2.0: {}

  dunder-proto@1.0.1:
    dependencies:
      call-bind-apply-helpers: 1.0.2
      es-errors: 1.3.0
      gopd: 1.2.0

  ee-first@1.1.1: {}

  encodeurl@1.0.2: {}

  encodeurl@2.0.0: {}

  es-define-property@1.0.1: {}

  es-errors@1.3.0: {}

  es-object-atoms@1.1.1:
    dependencies:
      es-errors: 1.3.0

  es-set-tostringtag@2.1.0:
    dependencies:
      es-errors: 1.3.0
      get-intrinsic: 1.3.0
      has-tostringtag: 1.0.2
      hasown: 2.0.2

  escape-html@1.0.3: {}

  etag@1.8.1: {}

  eventsource-parser@3.0.3: {}

  eventsource@3.0.7:
    dependencies:
      eventsource-parser: 3.0.3

  express-rate-limit@7.5.1(express@5.1.0):
    dependencies:
      express: 5.1.0

  express@4.21.2:
    dependencies:
      accepts: 1.3.8
      array-flatten: 1.1.1
      body-parser: 1.20.3
      content-disposition: 0.5.4
      content-type: 1.0.5
      cookie: 0.7.1
      cookie-signature: 1.0.6
      debug: 2.6.9
      depd: 2.0.0
      encodeurl: 2.0.0
      escape-html: 1.0.3
      etag: 1.8.1
      finalhandler: 1.3.1
      fresh: 0.5.2
      http-errors: 2.0.0
      merge-descriptors: 1.0.3
      methods: 1.1.2
      on-finished: 2.4.1
      parseurl: 1.3.3
      path-to-regexp: 0.1.12
      proxy-addr: 2.0.7
      qs: 6.13.0
      range-parser: 1.2.1
      safe-buffer: 5.2.1
      send: 0.19.0
      serve-static: 1.16.2
      setprototypeof: 1.2.0
      statuses: 2.0.1
      type-is: 1.6.18
      utils-merge: 1.0.1
      vary: 1.1.2
    transitivePeerDependencies:
      - supports-color

  express@5.1.0:
    dependencies:
      accepts: 2.0.0
      body-parser: 2.2.0
      content-disposition: 1.0.0
      content-type: 1.0.5
      cookie: 0.7.2
      cookie-signature: 1.2.2
      debug: 4.4.1
      encodeurl: 2.0.0
      escape-html: 1.0.3
      etag: 1.8.1
      finalhandler: 2.1.0
      fresh: 2.0.0
      http-errors: 2.0.0
      merge-descriptors: 2.0.0
      mime-types: 3.0.1
      on-finished: 2.4.1
      once: 1.4.0
      parseurl: 1.3.3
      proxy-addr: 2.0.7
      qs: 6.14.0
      range-parser: 1.2.1
      router: 2.2.0
      send: 1.2.0
      serve-static: 2.2.0
      statuses: 2.0.2
      type-is: 2.0.1
      vary: 1.1.2
    transitivePeerDependencies:
      - supports-color

  fast-deep-equal@3.1.3: {}

  fast-json-stable-stringify@2.1.0: {}

  finalhandler@1.3.1:
    dependencies:
      debug: 2.6.9
      encodeurl: 2.0.0
      escape-html: 1.0.3
      on-finished: 2.4.1
      parseurl: 1.3.3
      statuses: 2.0.1
      unpipe: 1.0.0
    transitivePeerDependencies:
      - supports-color

  finalhandler@2.1.0:
    dependencies:
      debug: 4.4.1
      encodeurl: 2.0.0
      escape-html: 1.0.3
      on-finished: 2.4.1
      parseurl: 1.3.3
      statuses: 2.0.2
    transitivePeerDependencies:
      - supports-color

  form-data@4.0.4:
    dependencies:
      asynckit: 0.4.0
      combined-stream: 1.0.8
      es-set-tostringtag: 2.1.0
      hasown: 2.0.2
      mime-types: 2.1.35

  forwarded@0.2.0: {}

  fresh@0.5.2: {}

  fresh@2.0.0: {}

  function-bind@1.1.2: {}

  get-intrinsic@1.3.0:
    dependencies:
      call-bind-apply-helpers: 1.0.2
      es-define-property: 1.0.1
      es-errors: 1.3.0
      es-object-atoms: 1.1.1
      function-bind: 1.1.2
      get-proto: 1.0.1
      gopd: 1.2.0
      has-symbols: 1.1.0
      hasown: 2.0.2
      math-intrinsics: 1.1.0

  get-proto@1.0.1:
    dependencies:
      dunder-proto: 1.0.1
      es-object-atoms: 1.1.1

  gopd@1.2.0: {}

  has-symbols@1.1.0: {}

  has-tostringtag@1.0.2:
    dependencies:
      has-symbols: 1.1.0

  hasown@2.0.2:
    dependencies:
      function-bind: 1.1.2

  http-errors@2.0.0:
    dependencies:
      depd: 2.0.0
      inherits: 2.0.4
      setprototypeof: 1.2.0
      statuses: 2.0.1
      toidentifier: 1.0.1

  iconv-lite@0.4.24:
    dependencies:
      safer-buffer: 2.1.2

  iconv-lite@0.6.3:
    dependencies:
      safer-buffer: 2.1.2

  inherits@2.0.4: {}

  ipaddr.js@1.9.1: {}

  is-promise@4.0.0: {}

  isexe@2.0.0: {}

  json-schema-traverse@0.4.1: {}

  llm-cost@1.0.5:
    dependencies:
      tiktoken: 1.0.22

  math-intrinsics@1.1.0: {}

  media-typer@0.3.0: {}

  media-typer@1.1.0: {}

  merge-descriptors@1.0.3: {}

  merge-descriptors@2.0.0: {}

  methods@1.1.2: {}

  mime-db@1.52.0: {}

  mime-db@1.54.0: {}

  mime-types@2.1.35:
    dependencies:
      mime-db: 1.52.0

  mime-types@3.0.1:
    dependencies:
      mime-db: 1.54.0

  mime@1.6.0: {}

  ms@2.0.0: {}

  ms@2.1.3: {}

  negotiator@0.6.3: {}

  negotiator@1.0.0: {}

  node-fetch@2.7.0:
    dependencies:
      whatwg-url: 5.0.0

  object-assign@4.1.1: {}

  object-inspect@1.13.4: {}

  on-finished@2.4.1:
    dependencies:
      ee-first: 1.1.1

  once@1.4.0:
    dependencies:
      wrappy: 1.0.2

  parseurl@1.3.3: {}

  path-key@3.1.1: {}

  path-to-regexp@0.1.12: {}

  path-to-regexp@8.2.0: {}

  pkce-challenge@5.0.0: {}

  proxy-addr@2.0.7:
    dependencies:
      forwarded: 0.2.0
      ipaddr.js: 1.9.1

  punycode@2.3.1: {}

  qs@6.13.0:
    dependencies:
      side-channel: 1.1.0

  qs@6.14.0:
    dependencies:
      side-channel: 1.1.0

  range-parser@1.2.1: {}

  raw-body@2.5.2:
    dependencies:
      bytes: 3.1.2
      http-errors: 2.0.0
      iconv-lite: 0.4.24
      unpipe: 1.0.0

  raw-body@3.0.0:
    dependencies:
      bytes: 3.1.2
      http-errors: 2.0.0
      iconv-lite: 0.6.3
      unpipe: 1.0.0

  router@2.2.0:
    dependencies:
      debug: 4.4.1
      depd: 2.0.0
      is-promise: 4.0.0
      parseurl: 1.3.3
      path-to-regexp: 8.2.0
    transitivePeerDependencies:
      - supports-color

  safe-buffer@5.2.1: {}

  safer-buffer@2.1.2: {}

  send@0.19.0:
    dependencies:
      debug: 2.6.9
      depd: 2.0.0
      destroy: 1.2.0
      encodeurl: 1.0.2
      escape-html: 1.0.3
      etag: 1.8.1
      fresh: 0.5.2
      http-errors: 2.0.0
      mime: 1.6.0
      ms: 2.1.3
      on-finished: 2.4.1
      range-parser: 1.2.1
      statuses: 2.0.1
    transitivePeerDependencies:
      - supports-color

  send@1.2.0:
    dependencies:
      debug: 4.4.1
      encodeurl: 2.0.0
      escape-html: 1.0.3
      etag: 1.8.1
      fresh: 2.0.0
      http-errors: 2.0.0
      mime-types: 3.0.1
      ms: 2.1.3
      on-finished: 2.4.1
      range-parser: 1.2.1
      statuses: 2.0.2
    transitivePeerDependencies:
      - supports-color

  serve-static@1.16.2:
    dependencies:
      encodeurl: 2.0.0
      escape-html: 1.0.3
      parseurl: 1.3.3
      send: 0.19.0
    transitivePeerDependencies:
      - supports-color

  serve-static@2.2.0:
    dependencies:
      encodeurl: 2.0.0
      escape-html: 1.0.3
      parseurl: 1.3.3
      send: 1.2.0
    transitivePeerDependencies:
      - supports-color

  setprototypeof@1.2.0: {}

  shebang-command@2.0.0:
    dependencies:
      shebang-regex: 3.0.0

  shebang-regex@3.0.0: {}

  side-channel-list@1.0.0:
    dependencies:
      es-errors: 1.3.0
      object-inspect: 1.13.4

  side-channel-map@1.0.1:
    dependencies:
      call-bound: 1.0.4
      es-errors: 1.3.0
      get-intrinsic: 1.3.0
      object-inspect: 1.13.4

  side-channel-weakmap@1.0.2:
    dependencies:
      call-bound: 1.0.4
      es-errors: 1.3.0
      get-intrinsic: 1.3.0
      object-inspect: 1.13.4
      side-channel-map: 1.0.1

  side-channel@1.1.0:
    dependencies:
      es-errors: 1.3.0
      object-inspect: 1.13.4
      side-channel-list: 1.0.0
      side-channel-map: 1.0.1
      side-channel-weakmap: 1.0.2

  statuses@2.0.1: {}

  statuses@2.0.2: {}

  tiktoken@1.0.22: {}

  toidentifier@1.0.1: {}

  tr46@0.0.3: {}

  type-is@1.6.18:
    dependencies:
      media-typer: 0.3.0
      mime-types: 2.1.35

  type-is@2.0.1:
    dependencies:
      content-type: 1.0.5
      media-typer: 1.1.0
      mime-types: 3.0.1

  typescript@5.9.2: {}

  undici-types@6.21.0: {}

  unpipe@1.0.0: {}

  uri-js@4.4.1:
    dependencies:
      punycode: 2.3.1

  utils-merge@1.0.1: {}

  vary@1.1.2: {}

  webidl-conversions@3.0.1: {}

  whatwg-url@5.0.0:
    dependencies:
      tr46: 0.0.3
      webidl-conversions: 3.0.1

  which@2.0.2:
    dependencies:
      isexe: 2.0.0

  wrappy@1.0.2: {}

  ws@8.18.3: {}

  zod-to-json-schema@3.24.6(zod@3.25.76):
    dependencies:
      zod: 3.25.76

  zod@3.25.76: {}
